
Microsoft Visual Studio Solution File, Format Version 12.00
# Visual Studio Version 17
VisualStudioVersion = 17.10.35013.160
MinimumVisualStudioVersion = 10.0.40219.1
Project("{FAE04EC0-301F-11D3-BF4B-00C04F79EFBC}") = "Factory Test", "Factory Test.csproj", "{D8EF697E-E926-4631-82DB-4DEB89CB7AA1}"
EndProject
Global
	GlobalSection(SolutionConfigurationPlatforms) = preSolution
		Debug|Any CPU = Debug|Any CPU
		Release|Any CPU = Release|Any CPU
	EndGlobalSection
	GlobalSection(ProjectConfigurationPlatforms) = postSolution
		{D8EF697E-E926-4631-82DB-4DEB89CB7AA1}.Debug|Any CPU.ActiveCfg = Debug|Any CPU
		{D8EF697E-E926-4631-82DB-4DEB89CB7AA1}.Debug|Any CPU.Build.0 = Debug|Any CPU
		{D8EF697E-E926-4631-82DB-4DEB89CB7AA1}.Release|Any CPU.ActiveCfg = Release|Any CPU
		{D8EF697E-E926-4631-82DB-4DEB89CB7AA1}.Release|Any CPU.Build.0 = Release|Any CPU
	EndGlobalSection
	GlobalSection(SolutionProperties) = preSolution
		HideSolutionNode = FALSE
	EndGlobalSection
	GlobalSection(ExtensibilityGlobals) = postSolution
		SolutionGuid = {A49CB3DE-2A3B-4566-95A3-381EE6B0D388}
	EndGlobalSection
EndGlobal
